
Microsoft Visual Studio Solution File, Format Version 12.00
# Visual Studio Version 16
VisualStudioVersion = 16.0.29009.5
MinimumVisualStudioVersion = 10.0.40219.1
Project("{FAE04EC0-301F-11D3-BF4B-00C04F79EFBC}") = "WPF_ListBox", "WPF_ListBox\WPF_ListBox.csproj", "{6DCF0910-20F3-4EE9-B7D5-36ECC9624A0B}"
EndProject
Global
	GlobalSection(SolutionConfigurationPlatforms) = preSolution
		Debug|Any CPU = Debug|Any CPU
		Release|Any CPU = Release|Any CPU
	EndGlobalSection
	GlobalSection(ProjectConfigurationPlatforms) = postSolution
		{6DCF0910-20F3-4EE9-B7D5-36ECC9624A0B}.Debug|Any CPU.ActiveCfg = Debug|Any CPU
		{6DCF0910-20F3-4EE9-B7D5-36ECC9624A0B}.Debug|Any CPU.Build.0 = Debug|Any CPU
		{6DCF0910-20F3-4EE9-B7D5-36ECC9624A0B}.Release|Any CPU.ActiveCfg = Release|Any CPU
		{6DCF0910-20F3-4EE9-B7D5-36ECC9624A0B}.Release|Any CPU.Build.0 = Release|Any CPU
	EndGlobalSection
	GlobalSection(SolutionProperties) = preSolution
		HideSolutionNode = FALSE
	EndGlobalSection
	GlobalSection(ExtensibilityGlobals) = postSolution
		SolutionGuid = {4FA4283F-AD2F-45C2-B389-6BE014751492}
	EndGlobalSection
EndGlobal
